
Microsoft Visual Studio Solution File, Format Version 12.00
# Visual Studio 2012
Project("{FAE04EC0-301F-11D3-BF4B-00C04F79EFBC}") = "DesktopSockets", "DesktopSockets\DesktopSockets.csproj", "{DC163F81-A7FC-4B06-A683-B40FE3896976}"
EndProject
Project("{8BC9CEB8-8B4A-11D0-8D11-00A0C91BC942}") = "Win32Sockets", "Win32Sockets\Win32Sockets.vcxproj", "{E9EB40CE-FE6A-4378-B2FC-C550EAE1CA88}"
EndProject
Project("{FAE04EC0-301F-11D3-BF4B-00C04F79EFBC}") = "WindowsStoreSocketsCS", "WindowsStoreSocketsCS\WindowsStoreSocketsCS.csproj", "{173FCEB2-258F-4855-B638-3ED15A8EDB53}"
EndProject
Project("{8BC9CEB8-8B4A-11D0-8D11-00A0C91BC942}") = "WindowsStoreSocketsCPP", "WindowsStoreSocketsCPP\WindowsStoreSocketsCPP.vcxproj", "{49FBD8BB-F120-4EDB-A669-B55E222B20EB}"
EndProject
Global
	GlobalSection(SolutionConfigurationPlatforms) = preSolution
		Debug|Any CPU = Debug|Any CPU
		Debug|ARM = Debug|ARM
		Debug|Mixed Platforms = Debug|Mixed Platforms
		Debug|Win32 = Debug|Win32
		Debug|x64 = Debug|x64
		Debug|x86 = Debug|x86
		Release|Any CPU = Release|Any CPU
		Release|ARM = Release|ARM
		Release|Mixed Platforms = Release|Mixed Platforms
		Release|Win32 = Release|Win32
		Release|x64 = Release|x64
		Release|x86 = Release|x86
	EndGlobalSection
	GlobalSection(ProjectConfigurationPlatforms) = postSolution
		{DC163F81-A7FC-4B06-A683-B40FE3896976}.Debug|Any CPU.ActiveCfg = Debug|Any CPU
		{DC163F81-A7FC-4B06-A683-B40FE3896976}.Debug|Any CPU.Build.0 = Debug|Any CPU
		{DC163F81-A7FC-4B06-A683-B40FE3896976}.Debug|ARM.ActiveCfg = Debug|Any CPU
		{DC163F81-A7FC-4B06-A683-B40FE3896976}.Debug|Mixed Platforms.ActiveCfg = Debug|Any CPU
		{DC163F81-A7FC-4B06-A683-B40FE3896976}.Debug|Mixed Platforms.Build.0 = Debug|Any CPU
		{DC163F81-A7FC-4B06-A683-B40FE3896976}.Debug|Win32.ActiveCfg = Debug|Any CPU
		{DC163F81-A7FC-4B06-A683-B40FE3896976}.Debug|x64.ActiveCfg = Debug|Any CPU
		{DC163F81-A7FC-4B06-A683-B40FE3896976}.Debug|x86.ActiveCfg = Debug|Any CPU
		{DC163F81-A7FC-4B06-A683-B40FE3896976}.Release|Any CPU.ActiveCfg = Release|Any CPU
		{DC163F81-A7FC-4B06-A683-B40FE3896976}.Release|Any CPU.Build.0 = Release|Any CPU
		{DC163F81-A7FC-4B06-A683-B40FE3896976}.Release|ARM.ActiveCfg = Release|Any CPU
		{DC163F81-A7FC-4B06-A683-B40FE3896976}.Release|Mixed Platforms.ActiveCfg = Release|Any CPU
		{DC163F81-A7FC-4B06-A683-B40FE3896976}.Release|Mixed Platforms.Build.0 = Release|Any CPU
		{DC163F81-A7FC-4B06-A683-B40FE3896976}.Release|Win32.ActiveCfg = Release|Any CPU
		{DC163F81-A7FC-4B06-A683-B40FE3896976}.Release|x64.ActiveCfg = Release|Any CPU
		{DC163F81-A7FC-4B06-A683-B40FE3896976}.Release|x86.ActiveCfg = Release|Any CPU
		{E9EB40CE-FE6A-4378-B2FC-C550EAE1CA88}.Debug|Any CPU.ActiveCfg = Debug|Win32
		{E9EB40CE-FE6A-4378-B2FC-C550EAE1CA88}.Debug|ARM.ActiveCfg = Debug|Win32
		{E9EB40CE-FE6A-4378-B2FC-C550EAE1CA88}.Debug|Mixed Platforms.ActiveCfg = Debug|Win32
		{E9EB40CE-FE6A-4378-B2FC-C550EAE1CA88}.Debug|Mixed Platforms.Build.0 = Debug|Win32
		{E9EB40CE-FE6A-4378-B2FC-C550EAE1CA88}.Debug|Win32.ActiveCfg = Debug|Win32
		{E9EB40CE-FE6A-4378-B2FC-C550EAE1CA88}.Debug|Win32.Build.0 = Debug|Win32
		{E9EB40CE-FE6A-4378-B2FC-C550EAE1CA88}.Debug|x64.ActiveCfg = Debug|Win32
		{E9EB40CE-FE6A-4378-B2FC-C550EAE1CA88}.Debug|x86.ActiveCfg = Debug|Win32
		{E9EB40CE-FE6A-4378-B2FC-C550EAE1CA88}.Debug|x86.Build.0 = Debug|Win32
		{E9EB40CE-FE6A-4378-B2FC-C550EAE1CA88}.Release|Any CPU.ActiveCfg = Release|Win32
		{E9EB40CE-FE6A-4378-B2FC-C550EAE1CA88}.Release|ARM.ActiveCfg = Release|Win32
		{E9EB40CE-FE6A-4378-B2FC-C550EAE1CA88}.Release|Mixed Platforms.ActiveCfg = Release|Win32
		{E9EB40CE-FE6A-4378-B2FC-C550EAE1CA88}.Release|Mixed Platforms.Build.0 = Release|Win32
		{E9EB40CE-FE6A-4378-B2FC-C550EAE1CA88}.Release|Win32.ActiveCfg = Release|Win32
		{E9EB40CE-FE6A-4378-B2FC-C550EAE1CA88}.Release|Win32.Build.0 = Release|Win32
		{E9EB40CE-FE6A-4378-B2FC-C550EAE1CA88}.Release|x64.ActiveCfg = Release|Win32
		{E9EB40CE-FE6A-4378-B2FC-C550EAE1CA88}.Release|x86.ActiveCfg = Release|Win32
		{E9EB40CE-FE6A-4378-B2FC-C550EAE1CA88}.Release|x86.Build.0 = Release|Win32
		{173FCEB2-258F-4855-B638-3ED15A8EDB53}.Debug|Any CPU.ActiveCfg = Debug|Any CPU
		{173FCEB2-258F-4855-B638-3ED15A8EDB53}.Debug|Any CPU.Build.0 = Debug|Any CPU
		{173FCEB2-258F-4855-B638-3ED15A8EDB53}.Debug|Any CPU.Deploy.0 = Debug|Any CPU
		{173FCEB2-258F-4855-B638-3ED15A8EDB53}.Debug|ARM.ActiveCfg = Debug|ARM
		{173FCEB2-258F-4855-B638-3ED15A8EDB53}.Debug|ARM.Build.0 = Debug|ARM
		{173FCEB2-258F-4855-B638-3ED15A8EDB53}.Debug|ARM.Deploy.0 = Debug|ARM
		{173FCEB2-258F-4855-B638-3ED15A8EDB53}.Debug|Mixed Platforms.ActiveCfg = Debug|x86
		{173FCEB2-258F-4855-B638-3ED15A8EDB53}.Debug|Mixed Platforms.Build.0 = Debug|x86
		{173FCEB2-258F-4855-B638-3ED15A8EDB53}.Debug|Mixed Platforms.Deploy.0 = Debug|x86
		{173FCEB2-258F-4855-B638-3ED15A8EDB53}.Debug|Win32.ActiveCfg = Debug|x86
		{173FCEB2-258F-4855-B638-3ED15A8EDB53}.Debug|Win32.Build.0 = Debug|x86
		{173FCEB2-258F-4855-B638-3ED15A8EDB53}.Debug|Win32.Deploy.0 = Debug|x86
		{173FCEB2-258F-4855-B638-3ED15A8EDB53}.Debug|x64.ActiveCfg = Debug|x64
		{173FCEB2-258F-4855-B638-3ED15A8EDB53}.Debug|x64.Build.0 = Debug|x64
		{173FCEB2-258F-4855-B638-3ED15A8EDB53}.Debug|x64.Deploy.0 = Debug|x64
		{173FCEB2-258F-4855-B638-3ED15A8EDB53}.Debug|x86.ActiveCfg = Debug|x86
		{173FCEB2-258F-4855-B638-3ED15A8EDB53}.Debug|x86.Build.0 = Debug|x86
		{173FCEB2-258F-4855-B638-3ED15A8EDB53}.Debug|x86.Deploy.0 = Debug|x86
		{173FCEB2-258F-4855-B638-3ED15A8EDB53}.Release|Any CPU.ActiveCfg = Release|Any CPU
		{173FCEB2-258F-4855-B638-3ED15A8EDB53}.Release|Any CPU.Build.0 = Release|Any CPU
		{173FCEB2-258F-4855-B638-3ED15A8EDB53}.Release|Any CPU.Deploy.0 = Release|Any CPU
		{173FCEB2-258F-4855-B638-3ED15A8EDB53}.Release|ARM.ActiveCfg = Release|ARM
		{173FCEB2-258F-4855-B638-3ED15A8EDB53}.Release|ARM.Build.0 = Release|ARM
		{173FCEB2-258F-4855-B638-3ED15A8EDB53}.Release|ARM.Deploy.0 = Release|ARM
		{173FCEB2-258F-4855-B638-3ED15A8EDB53}.Release|Mixed Platforms.ActiveCfg = Release|x86
		{173FCEB2-258F-4855-B638-3ED15A8EDB53}.Release|Mixed Platforms.Build.0 = Release|x86
		{173FCEB2-258F-4855-B638-3ED15A8EDB53}.Release|Mixed Platforms.Deploy.0 = Release|x86
		{173FCEB2-258F-4855-B638-3ED15A8EDB53}.Release|Win32.ActiveCfg = Release|x86
		{173FCEB2-258F-4855-B638-3ED15A8EDB53}.Release|Win32.Build.0 = Release|x86
		{173FCEB2-258F-4855-B638-3ED15A8EDB53}.Release|Win32.Deploy.0 = Release|x86
		{173FCEB2-258F-4855-B638-3ED15A8EDB53}.Release|x64.ActiveCfg = Release|x64
		{173FCEB2-258F-4855-B638-3ED15A8EDB53}.Release|x64.Build.0 = Release|x64
		{173FCEB2-258F-4855-B638-3ED15A8EDB53}.Release|x64.Deploy.0 = Release|x64
		{173FCEB2-258F-4855-B638-3ED15A8EDB53}.Release|x86.ActiveCfg = Release|x86
		{173FCEB2-258F-4855-B638-3ED15A8EDB53}.Release|x86.Build.0 = Release|x86
		{173FCEB2-258F-4855-B638-3ED15A8EDB53}.Release|x86.Deploy.0 = Release|x86
		{49FBD8BB-F120-4EDB-A669-B55E222B20EB}.Debug|Any CPU.ActiveCfg = Debug|Win32
		{49FBD8BB-F120-4EDB-A669-B55E222B20EB}.Debug|ARM.ActiveCfg = Debug|ARM
		{49FBD8BB-F120-4EDB-A669-B55E222B20EB}.Debug|ARM.Build.0 = Debug|ARM
		{49FBD8BB-F120-4EDB-A669-B55E222B20EB}.Debug|ARM.Deploy.0 = Debug|ARM
		{49FBD8BB-F120-4EDB-A669-B55E222B20EB}.Debug|Mixed Platforms.ActiveCfg = Debug|Win32
		{49FBD8BB-F120-4EDB-A669-B55E222B20EB}.Debug|Mixed Platforms.Build.0 = Debug|Win32
		{49FBD8BB-F120-4EDB-A669-B55E222B20EB}.Debug|Mixed Platforms.Deploy.0 = Debug|Win32
		{49FBD8BB-F120-4EDB-A669-B55E222B20EB}.Debug|Win32.ActiveCfg = Debug|Win32
		{49FBD8BB-F120-4EDB-A669-B55E222B20EB}.Debug|Win32.Build.0 = Debug|Win32
		{49FBD8BB-F120-4EDB-A669-B55E222B20EB}.Debug|Win32.Deploy.0 = Debug|Win32
		{49FBD8BB-F120-4EDB-A669-B55E222B20EB}.Debug|x64.ActiveCfg = Debug|x64
		{49FBD8BB-F120-4EDB-A669-B55E222B20EB}.Debug|x64.Build.0 = Debug|x64
		{49FBD8BB-F120-4EDB-A669-B55E222B20EB}.Debug|x64.Deploy.0 = Debug|x64
		{49FBD8BB-F120-4EDB-A669-B55E222B20EB}.Debug|x86.ActiveCfg = Debug|Win32
		{49FBD8BB-F120-4EDB-A669-B55E222B20EB}.Debug|x86.Build.0 = Debug|Win32
		{49FBD8BB-F120-4EDB-A669-B55E222B20EB}.Debug|x86.Deploy.0 = Debug|Win32
		{49FBD8BB-F120-4EDB-A669-B55E222B20EB}.Release|Any CPU.ActiveCfg = Release|Win32
		{49FBD8BB-F120-4EDB-A669-B55E222B20EB}.Release|ARM.ActiveCfg = Release|ARM
		{49FBD8BB-F120-4EDB-A669-B55E222B20EB}.Release|ARM.Build.0 = Release|ARM
		{49FBD8BB-F120-4EDB-A669-B55E222B20EB}.Release|ARM.Deploy.0 = Release|ARM
		{49FBD8BB-F120-4EDB-A669-B55E222B20EB}.Release|Mixed Platforms.ActiveCfg = Release|Win32
		{49FBD8BB-F120-4EDB-A669-B55E222B20EB}.Release|Mixed Platforms.Build.0 = Release|Win32
		{49FBD8BB-F120-4EDB-A669-B55E222B20EB}.Release|Mixed Platforms.Deploy.0 = Release|Win32
		{49FBD8BB-F120-4EDB-A669-B55E222B20EB}.Release|Win32.ActiveCfg = Release|Win32
		{49FBD8BB-F120-4EDB-A669-B55E222B20EB}.Release|Win32.Build.0 = Release|Win32
		{49FBD8BB-F120-4EDB-A669-B55E222B20EB}.Release|Win32.Deploy.0 = Release|Win32
		{49FBD8BB-F120-4EDB-A669-B55E222B20EB}.Release|x64.ActiveCfg = Release|x64
		{49FBD8BB-F120-4EDB-A669-B55E222B20EB}.Release|x64.Build.0 = Release|x64
		{49FBD8BB-F120-4EDB-A669-B55E222B20EB}.Release|x64.Deploy.0 = Release|x64
		{49FBD8BB-F120-4EDB-A669-B55E222B20EB}.Release|x86.ActiveCfg = Release|Win32
		{49FBD8BB-F120-4EDB-A669-B55E222B20EB}.Release|x86.Build.0 = Release|Win32
		{49FBD8BB-F120-4EDB-A669-B55E222B20EB}.Release|x86.Deploy.0 = Release|Win32
	EndGlobalSection
	GlobalSection(SolutionProperties) = preSolution
		HideSolutionNode = FALSE
	EndGlobalSection
EndGlobal
