
Microsoft Visual Studio Solution File, Format Version 12.00
# Visual Studio 2013
VisualStudioVersion = 12.0.31101.0
MinimumVisualStudioVersion = 10.0.40219.1
Project("{FAE04EC0-301F-11D3-BF4B-00C04F79EFBC}") = "HttpServerApp", "HttpServerApp\HttpServerApp.csproj", "{9CEF8906-4DC6-4905-BEBC-2B5CEF55CB0B}"
EndProject
Project("{8BC9CEB8-8B4A-11D0-8D11-00A0C91BC942}") = "HttpServerNoodles", "HttpServerNoodles\HttpServerNoodles.vcxproj", "{22C4D9EA-1698-44F9-A06F-FCFEAE76385E}"
EndProject
Global
	GlobalSection(SolutionConfigurationPlatforms) = preSolution
		Debug|Any CPU = Debug|Any CPU
		Debug|ARM = Debug|ARM
		Debug|Mixed Platforms = Debug|Mixed Platforms
		Debug|Win32 = Debug|Win32
		Debug|x64 = Debug|x64
		Debug|x86 = Debug|x86
		Release|Any CPU = Release|Any CPU
		Release|ARM = Release|ARM
		Release|Mixed Platforms = Release|Mixed Platforms
		Release|Win32 = Release|Win32
		Release|x64 = Release|x64
		Release|x86 = Release|x86
	EndGlobalSection
	GlobalSection(ProjectConfigurationPlatforms) = postSolution
		{9CEF8906-4DC6-4905-BEBC-2B5CEF55CB0B}.Debug|Any CPU.ActiveCfg = Debug|Any CPU
		{9CEF8906-4DC6-4905-BEBC-2B5CEF55CB0B}.Debug|Any CPU.Build.0 = Debug|Any CPU
		{9CEF8906-4DC6-4905-BEBC-2B5CEF55CB0B}.Debug|Any CPU.Deploy.0 = Debug|Any CPU
		{9CEF8906-4DC6-4905-BEBC-2B5CEF55CB0B}.Debug|ARM.ActiveCfg = Debug|ARM
		{9CEF8906-4DC6-4905-BEBC-2B5CEF55CB0B}.Debug|ARM.Build.0 = Debug|ARM
		{9CEF8906-4DC6-4905-BEBC-2B5CEF55CB0B}.Debug|ARM.Deploy.0 = Debug|ARM
		{9CEF8906-4DC6-4905-BEBC-2B5CEF55CB0B}.Debug|Mixed Platforms.ActiveCfg = Debug|x86
		{9CEF8906-4DC6-4905-BEBC-2B5CEF55CB0B}.Debug|Mixed Platforms.Build.0 = Debug|x86
		{9CEF8906-4DC6-4905-BEBC-2B5CEF55CB0B}.Debug|Mixed Platforms.Deploy.0 = Debug|x86
		{9CEF8906-4DC6-4905-BEBC-2B5CEF55CB0B}.Debug|Win32.ActiveCfg = Debug|x86
		{9CEF8906-4DC6-4905-BEBC-2B5CEF55CB0B}.Debug|Win32.Build.0 = Debug|x86
		{9CEF8906-4DC6-4905-BEBC-2B5CEF55CB0B}.Debug|Win32.Deploy.0 = Debug|x86
		{9CEF8906-4DC6-4905-BEBC-2B5CEF55CB0B}.Debug|x64.ActiveCfg = Debug|x64
		{9CEF8906-4DC6-4905-BEBC-2B5CEF55CB0B}.Debug|x64.Build.0 = Debug|x64
		{9CEF8906-4DC6-4905-BEBC-2B5CEF55CB0B}.Debug|x64.Deploy.0 = Debug|x64
		{9CEF8906-4DC6-4905-BEBC-2B5CEF55CB0B}.Debug|x86.ActiveCfg = Debug|x86
		{9CEF8906-4DC6-4905-BEBC-2B5CEF55CB0B}.Debug|x86.Build.0 = Debug|x86
		{9CEF8906-4DC6-4905-BEBC-2B5CEF55CB0B}.Debug|x86.Deploy.0 = Debug|x86
		{9CEF8906-4DC6-4905-BEBC-2B5CEF55CB0B}.Release|Any CPU.ActiveCfg = Release|Any CPU
		{9CEF8906-4DC6-4905-BEBC-2B5CEF55CB0B}.Release|Any CPU.Build.0 = Release|Any CPU
		{9CEF8906-4DC6-4905-BEBC-2B5CEF55CB0B}.Release|Any CPU.Deploy.0 = Release|Any CPU
		{9CEF8906-4DC6-4905-BEBC-2B5CEF55CB0B}.Release|ARM.ActiveCfg = Release|ARM
		{9CEF8906-4DC6-4905-BEBC-2B5CEF55CB0B}.Release|ARM.Build.0 = Release|ARM
		{9CEF8906-4DC6-4905-BEBC-2B5CEF55CB0B}.Release|ARM.Deploy.0 = Release|ARM
		{9CEF8906-4DC6-4905-BEBC-2B5CEF55CB0B}.Release|Mixed Platforms.ActiveCfg = Release|x86
		{9CEF8906-4DC6-4905-BEBC-2B5CEF55CB0B}.Release|Mixed Platforms.Build.0 = Release|x86
		{9CEF8906-4DC6-4905-BEBC-2B5CEF55CB0B}.Release|Mixed Platforms.Deploy.0 = Release|x86
		{9CEF8906-4DC6-4905-BEBC-2B5CEF55CB0B}.Release|Win32.ActiveCfg = Release|x86
		{9CEF8906-4DC6-4905-BEBC-2B5CEF55CB0B}.Release|Win32.Build.0 = Release|x86
		{9CEF8906-4DC6-4905-BEBC-2B5CEF55CB0B}.Release|Win32.Deploy.0 = Release|x86
		{9CEF8906-4DC6-4905-BEBC-2B5CEF55CB0B}.Release|x64.ActiveCfg = Release|x64
		{9CEF8906-4DC6-4905-BEBC-2B5CEF55CB0B}.Release|x64.Build.0 = Release|x64
		{9CEF8906-4DC6-4905-BEBC-2B5CEF55CB0B}.Release|x64.Deploy.0 = Release|x64
		{9CEF8906-4DC6-4905-BEBC-2B5CEF55CB0B}.Release|x86.ActiveCfg = Release|x86
		{9CEF8906-4DC6-4905-BEBC-2B5CEF55CB0B}.Release|x86.Build.0 = Release|x86
		{9CEF8906-4DC6-4905-BEBC-2B5CEF55CB0B}.Release|x86.Deploy.0 = Release|x86
		{22C4D9EA-1698-44F9-A06F-FCFEAE76385E}.Debug|Any CPU.ActiveCfg = Debug|Win32
		{22C4D9EA-1698-44F9-A06F-FCFEAE76385E}.Debug|ARM.ActiveCfg = Debug|ARM
		{22C4D9EA-1698-44F9-A06F-FCFEAE76385E}.Debug|ARM.Build.0 = Debug|ARM
		{22C4D9EA-1698-44F9-A06F-FCFEAE76385E}.Debug|Mixed Platforms.ActiveCfg = Debug|Win32
		{22C4D9EA-1698-44F9-A06F-FCFEAE76385E}.Debug|Mixed Platforms.Build.0 = Debug|Win32
		{22C4D9EA-1698-44F9-A06F-FCFEAE76385E}.Debug|Win32.ActiveCfg = Debug|Win32
		{22C4D9EA-1698-44F9-A06F-FCFEAE76385E}.Debug|Win32.Build.0 = Debug|Win32
		{22C4D9EA-1698-44F9-A06F-FCFEAE76385E}.Debug|x64.ActiveCfg = Debug|x64
		{22C4D9EA-1698-44F9-A06F-FCFEAE76385E}.Debug|x64.Build.0 = Debug|x64
		{22C4D9EA-1698-44F9-A06F-FCFEAE76385E}.Debug|x86.ActiveCfg = Debug|Win32
		{22C4D9EA-1698-44F9-A06F-FCFEAE76385E}.Debug|x86.Build.0 = Debug|Win32
		{22C4D9EA-1698-44F9-A06F-FCFEAE76385E}.Release|Any CPU.ActiveCfg = Release|Win32
		{22C4D9EA-1698-44F9-A06F-FCFEAE76385E}.Release|ARM.ActiveCfg = Release|ARM
		{22C4D9EA-1698-44F9-A06F-FCFEAE76385E}.Release|ARM.Build.0 = Release|ARM
		{22C4D9EA-1698-44F9-A06F-FCFEAE76385E}.Release|Mixed Platforms.ActiveCfg = Release|Win32
		{22C4D9EA-1698-44F9-A06F-FCFEAE76385E}.Release|Mixed Platforms.Build.0 = Release|Win32
		{22C4D9EA-1698-44F9-A06F-FCFEAE76385E}.Release|Win32.ActiveCfg = Release|Win32
		{22C4D9EA-1698-44F9-A06F-FCFEAE76385E}.Release|Win32.Build.0 = Release|Win32
		{22C4D9EA-1698-44F9-A06F-FCFEAE76385E}.Release|x64.ActiveCfg = Release|x64
		{22C4D9EA-1698-44F9-A06F-FCFEAE76385E}.Release|x64.Build.0 = Release|x64
		{22C4D9EA-1698-44F9-A06F-FCFEAE76385E}.Release|x86.ActiveCfg = Release|Win32
		{22C4D9EA-1698-44F9-A06F-FCFEAE76385E}.Release|x86.Build.0 = Release|Win32
	EndGlobalSection
	GlobalSection(SolutionProperties) = preSolution
		HideSolutionNode = FALSE
	EndGlobalSection
EndGlobal
